
Microsoft Visual Studio Solution File, Format Version 10.00
# Visual Studio 2008
Project("{F184B08F-C81C-45F6-A57F-5ABD9991F28F}") = "WinREG_3", "WinREG_3\WinREG_3.vbproj", "{B8C2C9DA-F834-4668-90C0-5C12CDF9E9CF}"
	ProjectSection(ProjectDependencies) = postProject
		{CD03E030-0049-4555-A2A5-45BCFCD8F36F} = {CD03E030-0049-4555-A2A5-45BCFCD8F36F}
		{C3EAF49A-E864-4234-8860-DBDD335778F0} = {C3EAF49A-E864-4234-8860-DBDD335778F0}
		{88B014CC-B9C9-4CD5-BF08-AF67453D31E9} = {88B014CC-B9C9-4CD5-BF08-AF67453D31E9}
		{A54ED4CC-A407-48AE-8CA1-9ADF024E531A} = {A54ED4CC-A407-48AE-8CA1-9ADF024E531A}
		{A2A88FDF-DBA8-4FC9-9486-D2F0528F3E05} = {A2A88FDF-DBA8-4FC9-9486-D2F0528F3E05}
	EndProjectSection
EndProject
Project("{F184B08F-C81C-45F6-A57F-5ABD9991F28F}") = "CreateTables", "CreateTables\CreateTables.vbproj", "{CD03E030-0049-4555-A2A5-45BCFCD8F36F}"
	ProjectSection(ProjectDependencies) = postProject
		{C3EAF49A-E864-4234-8860-DBDD335778F0} = {C3EAF49A-E864-4234-8860-DBDD335778F0}
		{88B014CC-B9C9-4CD5-BF08-AF67453D31E9} = {88B014CC-B9C9-4CD5-BF08-AF67453D31E9}
	EndProjectSection
EndProject
Project("{F184B08F-C81C-45F6-A57F-5ABD9991F28F}") = "LookupTables", "LookupTables\LookupTables.vbproj", "{C3EAF49A-E864-4234-8860-DBDD335778F0}"
EndProject
Project("{F184B08F-C81C-45F6-A57F-5ABD9991F28F}") = "FreeRegBrowser", "FreeRegBrowser\FreeRegBrowser.vbproj", "{A2A88FDF-DBA8-4FC9-9486-D2F0528F3E05}"
EndProject
Project("{F184B08F-C81C-45F6-A57F-5ABD9991F28F}") = "WinREGShellExtensions", "WinREGShellExtensions\WinREGShellExtensions.vbproj", "{A54ED4CC-A407-48AE-8CA1-9ADF024E531A}"
EndProject
Project("{F184B08F-C81C-45F6-A57F-5ABD9991F28F}") = "TranscriptionTables", "TranscriptionTables\TranscriptionTables.vbproj", "{88B014CC-B9C9-4CD5-BF08-AF67453D31E9}"
EndProject
Project("{F184B08F-C81C-45F6-A57F-5ABD9991F28F}") = "CaseText", "CaseText\CaseText.vbproj", "{92A2C466-325F-45A3-874B-6A364405FA31}"
EndProject
Project("{F184B08F-C81C-45F6-A57F-5ABD9991F28F}") = "ErrorFileCreated", "ErrorFileCcreated\ErrorFileCreated.vbproj", "{A5DC23FB-C094-4D18-B69F-04FE471B0DFC}"
EndProject
Project("{F184B08F-C81C-45F6-A57F-5ABD9991F28F}") = "LogListener", "LogListener\LogListener.vbproj", "{C09FFF19-6E4B-4B41-ADC3-8D43FF9699BE}"
EndProject
Project("{FAE04EC0-301F-11D3-BF4B-00C04F79EFBC}") = "CustomValidation", "..\CustomValidation\CustomValidation\CustomValidation.csproj", "{9F384C2D-5C8D-4B98-9C20-9779F055F790}"
EndProject
Project("{F184B08F-C81C-45F6-A57F-5ABD9991F28F}") = "ColorComboBox", "..\ColorComboBox\ColorComboBox\ColorComboBox.vbproj", "{4AAEE95F-6629-4549-9660-063D49AB0603}"
EndProject
Project("{FAE04EC0-301F-11D3-BF4B-00C04F79EFBC}") = "DefaultPrograms", "..\DefaultPrograms\DefaultPrograms\DefaultPrograms.csproj", "{746734C3-6A75-491D-BFB3-6DAA4755C3CB}"
EndProject
Project("{FAE04EC0-301F-11D3-BF4B-00C04F79EFBC}") = "ZoomAndPan", "..\Walkthroughs\AdvancedZoomAndPanSample\ZoomAndPan\ZoomAndPan.csproj", "{468ADEDE-6F5E-40C0-99C9-C6DAC4FAC934}"
EndProject
Global
	GlobalSection(SubversionScc) = preSolution
		Svn-Managed = True
		Manager = AnkhSVN - Subversion Support for Visual Studio
	EndGlobalSection
	GlobalSection(SolutionConfigurationPlatforms) = preSolution
		Debug|Any CPU = Debug|Any CPU
		Debug|x64 = Debug|x64
		Debug|x86 = Debug|x86
		Release|Any CPU = Release|Any CPU
		Release|x64 = Release|x64
		Release|x86 = Release|x86
	EndGlobalSection
	GlobalSection(ProjectConfigurationPlatforms) = postSolution
		{B8C2C9DA-F834-4668-90C0-5C12CDF9E9CF}.Debug|Any CPU.ActiveCfg = Debug|Any CPU
		{B8C2C9DA-F834-4668-90C0-5C12CDF9E9CF}.Debug|Any CPU.Build.0 = Debug|Any CPU
		{B8C2C9DA-F834-4668-90C0-5C12CDF9E9CF}.Debug|x64.ActiveCfg = Debug|x86
		{B8C2C9DA-F834-4668-90C0-5C12CDF9E9CF}.Debug|x86.ActiveCfg = Debug|x86
		{B8C2C9DA-F834-4668-90C0-5C12CDF9E9CF}.Debug|x86.Build.0 = Debug|x86
		{B8C2C9DA-F834-4668-90C0-5C12CDF9E9CF}.Release|Any CPU.ActiveCfg = Release|Any CPU
		{B8C2C9DA-F834-4668-90C0-5C12CDF9E9CF}.Release|Any CPU.Build.0 = Release|Any CPU
		{B8C2C9DA-F834-4668-90C0-5C12CDF9E9CF}.Release|x64.ActiveCfg = Release|x86
		{B8C2C9DA-F834-4668-90C0-5C12CDF9E9CF}.Release|x86.ActiveCfg = Release|x86
		{B8C2C9DA-F834-4668-90C0-5C12CDF9E9CF}.Release|x86.Build.0 = Release|x86
		{CD03E030-0049-4555-A2A5-45BCFCD8F36F}.Debug|Any CPU.ActiveCfg = Debug|Any CPU
		{CD03E030-0049-4555-A2A5-45BCFCD8F36F}.Debug|Any CPU.Build.0 = Debug|Any CPU
		{CD03E030-0049-4555-A2A5-45BCFCD8F36F}.Debug|x64.ActiveCfg = Debug|x86
		{CD03E030-0049-4555-A2A5-45BCFCD8F36F}.Debug|x86.ActiveCfg = Debug|x86
		{CD03E030-0049-4555-A2A5-45BCFCD8F36F}.Debug|x86.Build.0 = Debug|x86
		{CD03E030-0049-4555-A2A5-45BCFCD8F36F}.Release|Any CPU.ActiveCfg = Release|Any CPU
		{CD03E030-0049-4555-A2A5-45BCFCD8F36F}.Release|Any CPU.Build.0 = Release|Any CPU
		{CD03E030-0049-4555-A2A5-45BCFCD8F36F}.Release|x64.ActiveCfg = Release|x86
		{CD03E030-0049-4555-A2A5-45BCFCD8F36F}.Release|x86.ActiveCfg = Release|x86
		{CD03E030-0049-4555-A2A5-45BCFCD8F36F}.Release|x86.Build.0 = Release|x86
		{C3EAF49A-E864-4234-8860-DBDD335778F0}.Debug|Any CPU.ActiveCfg = Debug|Any CPU
		{C3EAF49A-E864-4234-8860-DBDD335778F0}.Debug|Any CPU.Build.0 = Debug|Any CPU
		{C3EAF49A-E864-4234-8860-DBDD335778F0}.Debug|x64.ActiveCfg = Debug|x86
		{C3EAF49A-E864-4234-8860-DBDD335778F0}.Debug|x86.ActiveCfg = Debug|x86
		{C3EAF49A-E864-4234-8860-DBDD335778F0}.Debug|x86.Build.0 = Debug|x86
		{C3EAF49A-E864-4234-8860-DBDD335778F0}.Release|Any CPU.ActiveCfg = Release|Any CPU
		{C3EAF49A-E864-4234-8860-DBDD335778F0}.Release|Any CPU.Build.0 = Release|Any CPU
		{C3EAF49A-E864-4234-8860-DBDD335778F0}.Release|x64.ActiveCfg = Release|x86
		{C3EAF49A-E864-4234-8860-DBDD335778F0}.Release|x86.ActiveCfg = Release|x86
		{C3EAF49A-E864-4234-8860-DBDD335778F0}.Release|x86.Build.0 = Release|x86
		{A2A88FDF-DBA8-4FC9-9486-D2F0528F3E05}.Debug|Any CPU.ActiveCfg = Debug|Any CPU
		{A2A88FDF-DBA8-4FC9-9486-D2F0528F3E05}.Debug|Any CPU.Build.0 = Debug|Any CPU
		{A2A88FDF-DBA8-4FC9-9486-D2F0528F3E05}.Debug|x64.ActiveCfg = Debug|x86
		{A2A88FDF-DBA8-4FC9-9486-D2F0528F3E05}.Debug|x86.ActiveCfg = Debug|x86
		{A2A88FDF-DBA8-4FC9-9486-D2F0528F3E05}.Debug|x86.Build.0 = Debug|x86
		{A2A88FDF-DBA8-4FC9-9486-D2F0528F3E05}.Release|Any CPU.ActiveCfg = Release|Any CPU
		{A2A88FDF-DBA8-4FC9-9486-D2F0528F3E05}.Release|Any CPU.Build.0 = Release|Any CPU
		{A2A88FDF-DBA8-4FC9-9486-D2F0528F3E05}.Release|x64.ActiveCfg = Release|x86
		{A2A88FDF-DBA8-4FC9-9486-D2F0528F3E05}.Release|x86.ActiveCfg = Release|x86
		{A2A88FDF-DBA8-4FC9-9486-D2F0528F3E05}.Release|x86.Build.0 = Release|x86
		{A54ED4CC-A407-48AE-8CA1-9ADF024E531A}.Debug|Any CPU.ActiveCfg = Debug|Any CPU
		{A54ED4CC-A407-48AE-8CA1-9ADF024E531A}.Debug|Any CPU.Build.0 = Debug|Any CPU
		{A54ED4CC-A407-48AE-8CA1-9ADF024E531A}.Debug|x64.ActiveCfg = Debug|x86
		{A54ED4CC-A407-48AE-8CA1-9ADF024E531A}.Debug|x86.ActiveCfg = Debug|x86
		{A54ED4CC-A407-48AE-8CA1-9ADF024E531A}.Debug|x86.Build.0 = Debug|x86
		{A54ED4CC-A407-48AE-8CA1-9ADF024E531A}.Release|Any CPU.ActiveCfg = Release|Any CPU
		{A54ED4CC-A407-48AE-8CA1-9ADF024E531A}.Release|Any CPU.Build.0 = Release|Any CPU
		{A54ED4CC-A407-48AE-8CA1-9ADF024E531A}.Release|x64.ActiveCfg = Release|x86
		{A54ED4CC-A407-48AE-8CA1-9ADF024E531A}.Release|x86.ActiveCfg = Release|x86
		{A54ED4CC-A407-48AE-8CA1-9ADF024E531A}.Release|x86.Build.0 = Release|x86
		{88B014CC-B9C9-4CD5-BF08-AF67453D31E9}.Debug|Any CPU.ActiveCfg = Debug|Any CPU
		{88B014CC-B9C9-4CD5-BF08-AF67453D31E9}.Debug|Any CPU.Build.0 = Debug|Any CPU
		{88B014CC-B9C9-4CD5-BF08-AF67453D31E9}.Debug|x64.ActiveCfg = Debug|x86
		{88B014CC-B9C9-4CD5-BF08-AF67453D31E9}.Debug|x86.ActiveCfg = Debug|x86
		{88B014CC-B9C9-4CD5-BF08-AF67453D31E9}.Debug|x86.Build.0 = Debug|x86
		{88B014CC-B9C9-4CD5-BF08-AF67453D31E9}.Release|Any CPU.ActiveCfg = Release|Any CPU
		{88B014CC-B9C9-4CD5-BF08-AF67453D31E9}.Release|Any CPU.Build.0 = Release|Any CPU
		{88B014CC-B9C9-4CD5-BF08-AF67453D31E9}.Release|x64.ActiveCfg = Release|x86
		{88B014CC-B9C9-4CD5-BF08-AF67453D31E9}.Release|x86.ActiveCfg = Release|x86
		{88B014CC-B9C9-4CD5-BF08-AF67453D31E9}.Release|x86.Build.0 = Release|x86
		{92A2C466-325F-45A3-874B-6A364405FA31}.Debug|Any CPU.ActiveCfg = Debug|Any CPU
		{92A2C466-325F-45A3-874B-6A364405FA31}.Debug|Any CPU.Build.0 = Debug|Any CPU
		{92A2C466-325F-45A3-874B-6A364405FA31}.Debug|x64.ActiveCfg = Debug|Any CPU
		{92A2C466-325F-45A3-874B-6A364405FA31}.Debug|x86.ActiveCfg = Debug|x86
		{92A2C466-325F-45A3-874B-6A364405FA31}.Debug|x86.Build.0 = Debug|x86
		{92A2C466-325F-45A3-874B-6A364405FA31}.Release|Any CPU.ActiveCfg = Release|Any CPU
		{92A2C466-325F-45A3-874B-6A364405FA31}.Release|Any CPU.Build.0 = Release|Any CPU
		{92A2C466-325F-45A3-874B-6A364405FA31}.Release|x64.ActiveCfg = Release|Any CPU
		{92A2C466-325F-45A3-874B-6A364405FA31}.Release|x86.ActiveCfg = Release|x86
		{92A2C466-325F-45A3-874B-6A364405FA31}.Release|x86.Build.0 = Release|x86
		{A5DC23FB-C094-4D18-B69F-04FE471B0DFC}.Debug|Any CPU.ActiveCfg = Debug|Any CPU
		{A5DC23FB-C094-4D18-B69F-04FE471B0DFC}.Debug|Any CPU.Build.0 = Debug|Any CPU
		{A5DC23FB-C094-4D18-B69F-04FE471B0DFC}.Debug|x64.ActiveCfg = Debug|Any CPU
		{A5DC23FB-C094-4D18-B69F-04FE471B0DFC}.Debug|x86.ActiveCfg = Debug|x86
		{A5DC23FB-C094-4D18-B69F-04FE471B0DFC}.Debug|x86.Build.0 = Debug|x86
		{A5DC23FB-C094-4D18-B69F-04FE471B0DFC}.Release|Any CPU.ActiveCfg = Release|Any CPU
		{A5DC23FB-C094-4D18-B69F-04FE471B0DFC}.Release|Any CPU.Build.0 = Release|Any CPU
		{A5DC23FB-C094-4D18-B69F-04FE471B0DFC}.Release|x64.ActiveCfg = Release|Any CPU
		{A5DC23FB-C094-4D18-B69F-04FE471B0DFC}.Release|x86.ActiveCfg = Release|x86
		{A5DC23FB-C094-4D18-B69F-04FE471B0DFC}.Release|x86.Build.0 = Release|x86
		{C09FFF19-6E4B-4B41-ADC3-8D43FF9699BE}.Debug|Any CPU.ActiveCfg = Debug|Any CPU
		{C09FFF19-6E4B-4B41-ADC3-8D43FF9699BE}.Debug|Any CPU.Build.0 = Debug|Any CPU
		{C09FFF19-6E4B-4B41-ADC3-8D43FF9699BE}.Debug|x64.ActiveCfg = Debug|Any CPU
		{C09FFF19-6E4B-4B41-ADC3-8D43FF9699BE}.Debug|x86.ActiveCfg = Debug|x86
		{C09FFF19-6E4B-4B41-ADC3-8D43FF9699BE}.Debug|x86.Build.0 = Debug|x86
		{C09FFF19-6E4B-4B41-ADC3-8D43FF9699BE}.Release|Any CPU.ActiveCfg = Release|Any CPU
		{C09FFF19-6E4B-4B41-ADC3-8D43FF9699BE}.Release|Any CPU.Build.0 = Release|Any CPU
		{C09FFF19-6E4B-4B41-ADC3-8D43FF9699BE}.Release|x64.ActiveCfg = Release|Any CPU
		{C09FFF19-6E4B-4B41-ADC3-8D43FF9699BE}.Release|x86.ActiveCfg = Release|x86
		{C09FFF19-6E4B-4B41-ADC3-8D43FF9699BE}.Release|x86.Build.0 = Release|x86
		{9F384C2D-5C8D-4B98-9C20-9779F055F790}.Debug|Any CPU.ActiveCfg = Debug|Any CPU
		{9F384C2D-5C8D-4B98-9C20-9779F055F790}.Debug|Any CPU.Build.0 = Debug|Any CPU
		{9F384C2D-5C8D-4B98-9C20-9779F055F790}.Debug|x64.ActiveCfg = Debug|x86
		{9F384C2D-5C8D-4B98-9C20-9779F055F790}.Debug|x86.ActiveCfg = Debug|x86
		{9F384C2D-5C8D-4B98-9C20-9779F055F790}.Debug|x86.Build.0 = Debug|x86
		{9F384C2D-5C8D-4B98-9C20-9779F055F790}.Release|Any CPU.ActiveCfg = Release|Any CPU
		{9F384C2D-5C8D-4B98-9C20-9779F055F790}.Release|Any CPU.Build.0 = Release|Any CPU
		{9F384C2D-5C8D-4B98-9C20-9779F055F790}.Release|x64.ActiveCfg = Release|x86
		{9F384C2D-5C8D-4B98-9C20-9779F055F790}.Release|x86.ActiveCfg = Release|x86
		{9F384C2D-5C8D-4B98-9C20-9779F055F790}.Release|x86.Build.0 = Release|x86
		{4AAEE95F-6629-4549-9660-063D49AB0603}.Debug|Any CPU.ActiveCfg = Debug|Any CPU
		{4AAEE95F-6629-4549-9660-063D49AB0603}.Debug|Any CPU.Build.0 = Debug|Any CPU
		{4AAEE95F-6629-4549-9660-063D49AB0603}.Debug|x64.ActiveCfg = Debug|x86
		{4AAEE95F-6629-4549-9660-063D49AB0603}.Debug|x86.ActiveCfg = Debug|x86
		{4AAEE95F-6629-4549-9660-063D49AB0603}.Debug|x86.Build.0 = Debug|x86
		{4AAEE95F-6629-4549-9660-063D49AB0603}.Release|Any CPU.ActiveCfg = Release|Any CPU
		{4AAEE95F-6629-4549-9660-063D49AB0603}.Release|Any CPU.Build.0 = Release|Any CPU
		{4AAEE95F-6629-4549-9660-063D49AB0603}.Release|x64.ActiveCfg = Release|x86
		{4AAEE95F-6629-4549-9660-063D49AB0603}.Release|x86.ActiveCfg = Release|x86
		{4AAEE95F-6629-4549-9660-063D49AB0603}.Release|x86.Build.0 = Release|x86
		{746734C3-6A75-491D-BFB3-6DAA4755C3CB}.Debug|Any CPU.ActiveCfg = Debug|Any CPU
		{746734C3-6A75-491D-BFB3-6DAA4755C3CB}.Debug|Any CPU.Build.0 = Debug|Any CPU
		{746734C3-6A75-491D-BFB3-6DAA4755C3CB}.Debug|x64.ActiveCfg = Debug|x86
		{746734C3-6A75-491D-BFB3-6DAA4755C3CB}.Debug|x86.ActiveCfg = Debug|x86
		{746734C3-6A75-491D-BFB3-6DAA4755C3CB}.Debug|x86.Build.0 = Debug|x86
		{746734C3-6A75-491D-BFB3-6DAA4755C3CB}.Release|Any CPU.ActiveCfg = Release|Any CPU
		{746734C3-6A75-491D-BFB3-6DAA4755C3CB}.Release|Any CPU.Build.0 = Release|Any CPU
		{746734C3-6A75-491D-BFB3-6DAA4755C3CB}.Release|x64.ActiveCfg = Release|x86
		{746734C3-6A75-491D-BFB3-6DAA4755C3CB}.Release|x86.ActiveCfg = Release|x86
		{746734C3-6A75-491D-BFB3-6DAA4755C3CB}.Release|x86.Build.0 = Release|x86
		{468ADEDE-6F5E-40C0-99C9-C6DAC4FAC934}.Debug|Any CPU.ActiveCfg = Debug|Any CPU
		{468ADEDE-6F5E-40C0-99C9-C6DAC4FAC934}.Debug|Any CPU.Build.0 = Debug|Any CPU
		{468ADEDE-6F5E-40C0-99C9-C6DAC4FAC934}.Debug|x64.ActiveCfg = Debug|Any CPU
		{468ADEDE-6F5E-40C0-99C9-C6DAC4FAC934}.Debug|x86.ActiveCfg = Debug|Any CPU
		{468ADEDE-6F5E-40C0-99C9-C6DAC4FAC934}.Release|Any CPU.ActiveCfg = Release|Any CPU
		{468ADEDE-6F5E-40C0-99C9-C6DAC4FAC934}.Release|Any CPU.Build.0 = Release|Any CPU
		{468ADEDE-6F5E-40C0-99C9-C6DAC4FAC934}.Release|x64.ActiveCfg = Release|Any CPU
		{468ADEDE-6F5E-40C0-99C9-C6DAC4FAC934}.Release|x86.ActiveCfg = Release|Any CPU
	EndGlobalSection
	GlobalSection(SolutionProperties) = preSolution
		HideSolutionNode = FALSE
	EndGlobalSection
EndGlobal
